schema: '2.0'
stages:
  data_ingestion:
    cmd: python src/Chest_Cancer_Classification/pipeline/first_stage_data_ingestion.py
    deps:
    - path: config/config.yaml
      hash: md5
      md5: c88ad33843f6f12debbcc310ecdc26a6
      size: 582
    - path: src/Chest_Cancer_Classification/pipeline/first_stage_data_ingestion.py
      hash: md5
      md5: 0264f8ded52b3b422ec422d53d9018f6
      size: 953
    outs:
    - path: artifacts/data_ingestion/Chest-CT-Scan-data
      hash: md5
      md5: 904fa45d934ce879b3b1933dca6cb2f1.dir
      size: 49247431
      nfiles: 343
  prepare_base_model:
    cmd: python src/Chest_Cancer_Classification/pipeline/second_stage_prepare_model.py
    deps:
    - path: config/config.yaml
      hash: md5
      md5: c88ad33843f6f12debbcc310ecdc26a6
      size: 582
    - path: src/Chest_Cancer_Classification/pipeline/second_stage_prepare_model.py
      hash: md5
      md5: 50e81f30b9e7ef3b66214796c9da93d5
      size: 1017
    params:
      params.yaml:
        CLASSES: 2
        IMAGE_SIZE:
        - 224
        - 224
        - 3
        INCLUDE_TOP: false
        LEARNING_RATE: 0.01
        WEIGHTS: imagenet
    outs:
    - path: artifacts/prepare_base_model
      hash: md5
      md5: 28eb4af62ad3d52b9f25081198af23f3.dir
      size: 118073464
      nfiles: 2
  training:
    cmd: python src/Chest_Cancer_Classification/pipeline/third_stage_training.py
    deps:
    - path: artifacts/data_ingestion/Chest-CT-Scan-data
      hash: md5
      md5: 904fa45d934ce879b3b1933dca6cb2f1.dir
      size: 49247431
      nfiles: 343
    - path: artifacts/prepare_base_model
      hash: md5
      md5: 28eb4af62ad3d52b9f25081198af23f3.dir
      size: 118073464
      nfiles: 2
    - path: config/config.yaml
      hash: md5
      md5: c88ad33843f6f12debbcc310ecdc26a6
      size: 582
    - path: src/Chest_Cancer_Classification/pipeline/third_stage_training.py
      hash: md5
      md5: 4c6100c5d385b38ef66496358751af9d
      size: 879
    params:
      params.yaml:
        AUGMENTATION: true
        BATCH_SIZE: 16
        EPOCHS: 5
        IMAGE_SIZE:
        - 224
        - 224
        - 3
    outs:
    - path: artifacts/training/model.h5
      hash: md5
      md5: 585f907e44d46066389a5c248e0befb0
      size: 59147416
  evaluation:
    cmd: python src/Chest_Cancer_Classification/pipeline/fourth_stage_evaluation.py
    deps:
    - path: artifacts/data_ingestion/Chest-CT-Scan-data
      hash: md5
      md5: 904fa45d934ce879b3b1933dca6cb2f1.dir
      size: 49247431
      nfiles: 343
    - path: artifacts/training/model.h5
      hash: md5
      md5: 4a10ba12e425f2634bb6f20a61241427
      size: 59147416
    - path: config/config.yaml
      hash: md5
      md5: c88ad33843f6f12debbcc310ecdc26a6
      size: 582
    - path: src/Chest_Cancer_Classification/pipeline/fourth_stage_evaluation.py
      hash: md5
      md5: 4ab72ef3819813d7ff183f72b187a0e5
      size: 1217
    params:
      params.yaml:
        BATCH_SIZE: 16
        IMAGE_SIZE:
        - 224
        - 224
        - 3
    outs:
    - path: scores.json
      hash: md5
      md5: f363588a293add63a4fe9af0cf836fae
      size: 74
